
Microsoft Visual Studio Solution File, Format Version 12.00
# Visual Studio Version 17
VisualStudioVersion = 17.9.34723.18
MinimumVisualStudioVersion = 10.0.40219.1
Project("{FAE04EC0-301F-11D3-BF4B-00C04F79EFBC}") = "GUI_QLBanHang", "GUI_QLBanHang.csproj", "{D98BC52A-19DD-498A-A70C-141916F5040F}"
EndProject
Project("{FAE04EC0-301F-11D3-BF4B-00C04F79EFBC}") = "DTO_QLBanHang", "..\DTO_QLBanHang\DTO_QLBanHang.csproj", "{0555241E-689F-41CA-BEB0-1B35921637FC}"
EndProject
Project("{FAE04EC0-301F-11D3-BF4B-00C04F79EFBC}") = "BUS_QLBanHang", "..\BUS_QLBanHang\BUS_QLBanHang.csproj", "{D19136A2-8B74-4B9B-8286-ED504BAEECF7}"
EndProject
Project("{FAE04EC0-301F-11D3-BF4B-00C04F79EFBC}") = "DAL_QLBanHang", "..\DAL_QLBanHang\DAL_QLBanHang.csproj", "{F2F5CF57-B3E4-4547-AF57-8CFE2B4F29FC}"
EndProject
Project("{2150E333-8FDC-42A3-9474-1A3956D46DE8}") = "Solution Items", "Solution Items", "{5973276E-68B4-4C71-9217-834FEA6C82BF}"
	ProjectSection(SolutionItems) = preProject
		QLBanHang1.mdf = QLBanHang1.mdf
	EndProjectSection
EndProject
Global
	GlobalSection(SolutionConfigurationPlatforms) = preSolution
		Debug|Any CPU = Debug|Any CPU
		Release|Any CPU = Release|Any CPU
	EndGlobalSection
	GlobalSection(ProjectConfigurationPlatforms) = postSolution
		{D98BC52A-19DD-498A-A70C-141916F5040F}.Debug|Any CPU.ActiveCfg = Debug|Any CPU
		{D98BC52A-19DD-498A-A70C-141916F5040F}.Debug|Any CPU.Build.0 = Debug|Any CPU
		{D98BC52A-19DD-498A-A70C-141916F5040F}.Release|Any CPU.ActiveCfg = Release|Any CPU
		{D98BC52A-19DD-498A-A70C-141916F5040F}.Release|Any CPU.Build.0 = Release|Any CPU
		{0555241E-689F-41CA-BEB0-1B35921637FC}.Debug|Any CPU.ActiveCfg = Debug|Any CPU
		{0555241E-689F-41CA-BEB0-1B35921637FC}.Debug|Any CPU.Build.0 = Debug|Any CPU
		{0555241E-689F-41CA-BEB0-1B35921637FC}.Release|Any CPU.ActiveCfg = Release|Any CPU
		{0555241E-689F-41CA-BEB0-1B35921637FC}.Release|Any CPU.Build.0 = Release|Any CPU
		{D19136A2-8B74-4B9B-8286-ED504BAEECF7}.Debug|Any CPU.ActiveCfg = Debug|Any CPU
		{D19136A2-8B74-4B9B-8286-ED504BAEECF7}.Debug|Any CPU.Build.0 = Debug|Any CPU
		{D19136A2-8B74-4B9B-8286-ED504BAEECF7}.Release|Any CPU.ActiveCfg = Release|Any CPU
		{D19136A2-8B74-4B9B-8286-ED504BAEECF7}.Release|Any CPU.Build.0 = Release|Any CPU
		{F2F5CF57-B3E4-4547-AF57-8CFE2B4F29FC}.Debug|Any CPU.ActiveCfg = Debug|Any CPU
		{F2F5CF57-B3E4-4547-AF57-8CFE2B4F29FC}.Debug|Any CPU.Build.0 = Debug|Any CPU
		{F2F5CF57-B3E4-4547-AF57-8CFE2B4F29FC}.Release|Any CPU.ActiveCfg = Release|Any CPU
		{F2F5CF57-B3E4-4547-AF57-8CFE2B4F29FC}.Release|Any CPU.Build.0 = Release|Any CPU
	EndGlobalSection
	GlobalSection(SolutionProperties) = preSolution
		HideSolutionNode = FALSE
	EndGlobalSection
	GlobalSection(ExtensibilityGlobals) = postSolution
		SolutionGuid = {6C7A69D1-468C-497D-8F3F-41EF64F0D4BB}
	EndGlobalSection
EndGlobal
